
Microsoft Visual Studio Solution File, Format Version 12.00
# Visual Studio Version 17
VisualStudioVersion = 17.7.34031.279
MinimumVisualStudioVersion = 10.0.40219.1
Project("{9A19103F-16F7-4668-BE54-9A1E7A4F7556}") = "ReactWebBlogger.Web", "ReactWebBlogger.Web\ReactWebBlogger.Web.csproj", "{B4971189-19DE-4BC8-B18A-D81A72CB6352}"
EndProject
Project("{FAE04EC0-301F-11D3-BF4B-00C04F79EFBC}") = "ReactWebBlogger.Domain", "ReactWebBlogger.Domain\ReactWebBlogger.Domain.csproj", "{E5ECD444-CC93-48C4-8306-F32C261A840E}"
EndProject
Project("{FAE04EC0-301F-11D3-BF4B-00C04F79EFBC}") = "ReactWebBlogger.Infrastructure", "ReactWebBlogger.Infrastructure\ReactWebBlogger.Infrastructure.csproj", "{42799EDB-5404-416E-9875-DF865E5743F6}"
EndProject
Project("{FAE04EC0-301F-11D3-BF4B-00C04F79EFBC}") = "ReactWebBlogger.Application", "ReactWebBlogger.Application\ReactWebBlogger.Application.csproj", "{2D34AB81-E265-4104-A00F-F546142D4461}"
EndProject
Project("{FAE04EC0-301F-11D3-BF4B-00C04F79EFBC}") = "ReactWebBlogger.Contracts", "ReactWebBlogger.Contracts\ReactWebBlogger.Contracts.csproj", "{A5033B53-2C37-474C-8FF2-FE9B057B2C36}"
EndProject
Global
	GlobalSection(SolutionConfigurationPlatforms) = preSolution
		Debug|Any CPU = Debug|Any CPU
		Release|Any CPU = Release|Any CPU
	EndGlobalSection
	GlobalSection(ProjectConfigurationPlatforms) = postSolution
		{B4971189-19DE-4BC8-B18A-D81A72CB6352}.Debug|Any CPU.ActiveCfg = Debug|Any CPU
		{B4971189-19DE-4BC8-B18A-D81A72CB6352}.Debug|Any CPU.Build.0 = Debug|Any CPU
		{B4971189-19DE-4BC8-B18A-D81A72CB6352}.Release|Any CPU.ActiveCfg = Release|Any CPU
		{B4971189-19DE-4BC8-B18A-D81A72CB6352}.Release|Any CPU.Build.0 = Release|Any CPU
		{E5ECD444-CC93-48C4-8306-F32C261A840E}.Debug|Any CPU.ActiveCfg = Debug|Any CPU
		{E5ECD444-CC93-48C4-8306-F32C261A840E}.Debug|Any CPU.Build.0 = Debug|Any CPU
		{E5ECD444-CC93-48C4-8306-F32C261A840E}.Release|Any CPU.ActiveCfg = Release|Any CPU
		{E5ECD444-CC93-48C4-8306-F32C261A840E}.Release|Any CPU.Build.0 = Release|Any CPU
		{42799EDB-5404-416E-9875-DF865E5743F6}.Debug|Any CPU.ActiveCfg = Debug|Any CPU
		{42799EDB-5404-416E-9875-DF865E5743F6}.Debug|Any CPU.Build.0 = Debug|Any CPU
		{42799EDB-5404-416E-9875-DF865E5743F6}.Release|Any CPU.ActiveCfg = Release|Any CPU
		{42799EDB-5404-416E-9875-DF865E5743F6}.Release|Any CPU.Build.0 = Release|Any CPU
		{2D34AB81-E265-4104-A00F-F546142D4461}.Debug|Any CPU.ActiveCfg = Debug|Any CPU
		{2D34AB81-E265-4104-A00F-F546142D4461}.Debug|Any CPU.Build.0 = Debug|Any CPU
		{2D34AB81-E265-4104-A00F-F546142D4461}.Release|Any CPU.ActiveCfg = Release|Any CPU
		{2D34AB81-E265-4104-A00F-F546142D4461}.Release|Any CPU.Build.0 = Release|Any CPU
		{A5033B53-2C37-474C-8FF2-FE9B057B2C36}.Debug|Any CPU.ActiveCfg = Debug|Any CPU
		{A5033B53-2C37-474C-8FF2-FE9B057B2C36}.Debug|Any CPU.Build.0 = Debug|Any CPU
		{A5033B53-2C37-474C-8FF2-FE9B057B2C36}.Release|Any CPU.ActiveCfg = Release|Any CPU
		{A5033B53-2C37-474C-8FF2-FE9B057B2C36}.Release|Any CPU.Build.0 = Release|Any CPU
	EndGlobalSection
	GlobalSection(SolutionProperties) = preSolution
		HideSolutionNode = FALSE
	EndGlobalSection
	GlobalSection(ExtensibilityGlobals) = postSolution
		SolutionGuid = {0CB2973A-F286-4DB1-9A6A-EB2A18FBDF62}
	EndGlobalSection
EndGlobal
